// !$*UTF8*$!
{
	archiveVersion = 1;
	classes = {
	};
	objectVersion = 50;
	objects = {

/* Begin PBXBuildFile section */
		18731186259610FC00CE34D1 /* AppDelegate.swift in Sources */ = {isa = PBXBuildFile; fileRef = 18731185259610FC00CE34D1 /* AppDelegate.swift */; };
		18731188259610FC00CE34D1 /* SceneDelegate.swift in Sources */ = {isa = PBXBuildFile; fileRef = 18731187259610FC00CE34D1 /* SceneDelegate.swift */; };
		1873118A259610FC00CE34D1 /* ViewController.swift in Sources */ = {isa = PBXBuildFile; fileRef = 18731189259610FC00CE34D1 /* ViewController.swift */; };
		1873118D259610FC00CE34D1 /* Main.storyboard in Resources */ = {isa = PBXBuildFile; fileRef = 1873118B259610FC00CE34D1 /* Main.storyboard */; };
		18731190259610FC00CE34D1 /* GroceryApp.xcdatamodeld in Sources */ = {isa = PBXBuildFile; fileRef = 1873118E259610FC00CE34D1 /* GroceryApp.xcdatamodeld */; };
		187311922596111F00CE34D1 /* Assets.xcassets in Resources */ = {isa = PBXBuildFile; fileRef = 187311912596111F00CE34D1 /* Assets.xcassets */; };
		187311952596111F00CE34D1 /* LaunchScreen.storyboard in Resources */ = {isa = PBXBuildFile; fileRef = 187311932596111F00CE34D1 /* LaunchScreen.storyboard */; };
		187311A02596112000CE34D1 /* GroceryAppTests.swift in Sources */ = {isa = PBXBuildFile; fileRef = 1873119F2596112000CE34D1 /* GroceryAppTests.swift */; };
		187311AB2596112000CE34D1 /* GroceryAppUITests.swift in Sources */ = {isa = PBXBuildFile; fileRef = 187311AA2596112000CE34D1 /* GroceryAppUITests.swift */; };
/* End PBXBuildFile section */

/* Begin PBXContainerItemProxy section */
		1873119C2596112000CE34D1 /* PBXContainerItemProxy */ = {
			isa = PBXContainerItemProxy;
			containerPortal = 1873117A259610FB00CE34D1 /* Project object */;
			proxyType = 1;
			remoteGlobalIDString = 18731181259610FB00CE34D1;
			remoteInfo = GroceryApp;
		};
		187311A72596112000CE34D1 /* PBXContainerItemProxy */ = {
			isa = PBXContainerItemProxy;
			containerPortal = 1873117A259610FB00CE34D1 /* Project object */;
			proxyType = 1;
			remoteGlobalIDString = 18731181259610FB00CE34D1;
			remoteInfo = GroceryApp;
		};
/* End PBXContainerItemProxy section */

/* Begin PBXFileReference section */
		18731182259610FC00CE34D1 /* GroceryApp.app */ = {isa = PBXFileReference; explicitFileType = wrapper.application; includeInIndex = 0; path = GroceryApp.app; sourceTree = BUILT_PRODUCTS_DIR; };
		18731185259610FC00CE34D1 /* AppDelegate.swift */ = {isa = PBXFileReference; lastKnownFileType = sourcecode.swift; path = AppDelegate.swift; sourceTree = "<group>"; };
		18731187259610FC00CE34D1 /* SceneDelegate.swift */ = {isa = PBXFileReference; lastKnownFileType = sourcecode.swift; path = SceneDelegate.swift; sourceTree = "<group>"; };
		18731189259610FC00CE34D1 /* ViewController.swift */ = {isa = PBXFileReference; lastKnownFileType = sourcecode.swift; path = ViewController.swift; sourceTree = "<group>"; };
		1873118C259610FC00CE34D1 /* Base */ = {isa = PBXFileReference; lastKnownFileType = file.storyboard; name = Base; path = Base.lproj/Main.storyboard; sourceTree = "<group>"; };
		1873118F259610FC00CE34D1 /* GroceryApp.xcdatamodel */ = {isa = PBXFileReference; lastKnownFileType = wrapper.xcdatamodel; path = GroceryApp.xcdatamodel; sourceTree = "<group>"; };
		187311912596111F00CE34D1 /* Assets.xcassets */ = {isa = PBXFileReference; lastKnownFileType = folder.assetcatalog; path = Assets.xcassets; sourceTree = "<group>"; };
		187311942596111F00CE34D1 /* Base */ = {isa = PBXFileReference; lastKnownFileType = file.storyboard; name = Base; path = Base.lproj/LaunchScreen.storyboard; sourceTree = "<group>"; };
		187311962596111F00CE34D1 /* Info.plist */ = {isa = PBXFileReference; lastKnownFileType = text.plist.xml; path = Info.plist; sourceTree = "<group>"; };
		1873119B2596112000CE34D1 /* GroceryAppTests.xctest */ = {isa = PBXFileReference; explicitFileType = wrapper.cfbundle; includeInIndex = 0; path = GroceryAppTests.xctest; sourceTree = BUILT_PRODUCTS_DIR; };
		1873119F2596112000CE34D1 /* GroceryAppTests.swift */ = {isa = PBXFileReference; lastKnownFileType = sourcecode.swift; path = GroceryAppTests.swift; sourceTree = "<group>"; };
		187311A12596112000CE34D1 /* Info.plist */ = {isa = PBXFileReference; lastKnownFileType = text.plist.xml; path = Info.plist; sourceTree = "<group>"; };
		187311A62596112000CE34D1 /* GroceryAppUITests.xctest */ = {isa = PBXFileReference; explicitFileType = wrapper.cfbundle; includeInIndex = 0; path = GroceryAppUITests.xctest; sourceTree = BUILT_PRODUCTS_DIR; };
		187311AA2596112000CE34D1 /* GroceryAppUITests.swift */ = {isa = PBXFileReference; lastKnownFileType = sourcecode.swift; path = GroceryAppUITests.swift; sourceTree = "<group>"; };
		187311AC2596112000CE34D1 /* Info.plist */ = {isa = PBXFileReference; lastKnownFileType = text.plist.xml; path = Info.plist; sourceTree = "<group>"; };
/* End PBXFileReference section */

/* Begin PBXFrameworksBuildPhase section */
		1873117F259610FB00CE34D1 /* Frameworks */ = {
			isa = PBXFrameworksBuildPhase;
			buildActionMask = 2147483647;
			files = (
			);
			runOnlyForDeploymentPostprocessing = 0;
		};
		187311982596112000CE34D1 /* Frameworks */ = {
			isa = PBXFrameworksBuildPhase;
			buildActionMask = 2147483647;
			files = (
			);
			runOnlyForDeploymentPostprocessing = 0;
		};
		187311A32596112000CE34D1 /* Frameworks */ = {
			isa = PBXFrameworksBuildPhase;
			buildActionMask = 2147483647;
			files = (
			);
			runOnlyForDeploymentPostprocessing = 0;
		};
/* End PBXFrameworksBuildPhase section */

/* Begin PBXGroup section */
		18731179259610FB00CE34D1 = {
			isa = PBXGroup;
			children = (
				18731184259610FC00CE34D1 /* GroceryApp */,
				1873119E2596112000CE34D1 /* GroceryAppTests */,
				187311A92596112000CE34D1 /* GroceryAppUITests */,
				18731183259610FC00CE34D1 /* Products */,
			);
			sourceTree = "<group>";
		};
		18731183259610FC00CE34D1 /* Products */ = {
			isa = PBXGroup;
			children = (
				18731182259610FC00CE34D1 /* GroceryApp.app */,
				1873119B2596112000CE34D1 /* GroceryAppTests.xctest */,
				187311A62596112000CE34D1 /* GroceryAppUITests.xctest */,
			);
			name = Products;
			sourceTree = "<group>";
		};
		18731184259610FC00CE34D1 /* GroceryApp */ = {
			isa = PBXGroup;
			children = (
				18731185259610FC00CE34D1 /* AppDelegate.swift */,
				18731187259610FC00CE34D1 /* SceneDelegate.swift */,
				18731189259610FC00CE34D1 /* ViewController.swift */,
				1873118B259610FC00CE34D1 /* Main.storyboard */,
				187311912596111F00CE34D1 /* Assets.xcassets */,
				187311932596111F00CE34D1 /* LaunchScreen.storyboard */,
				187311962596111F00CE34D1 /* Info.plist */,
				1873118E259610FC00CE34D1 /* GroceryApp.xcdatamodeld */,
			);
			path = GroceryApp;
			sourceTree = "<group>";
		};
		1873119E2596112000CE34D1 /* GroceryAppTests */ = {
			isa = PBXGroup;
			children = (
				1873119F2596112000CE34D1 /* GroceryAppTests.swift */,
				187311A12596112000CE34D1 /* Info.plist */,
			);
			path = GroceryAppTests;
			sourceTree = "<group>";
		};
		187311A92596112000CE34D1 /* GroceryAppUITests */ = {
			isa = PBXGroup;
			children = (
				187311AA2596112000CE34D1 /* GroceryAppUITests.swift */,
				187311AC2596112000CE34D1 /* Info.plist */,
			);
			path = GroceryAppUITests;
			sourceTree = "<group>";
		};
/* End PBXGroup section */

/* Begin PBXNativeTarget section */
		18731181259610FB00CE34D1 /* GroceryApp */ = {
			isa = PBXNativeTarget;
			buildConfigurationList = 187311AF2596112000CE34D1 /* Build configuration list for PBXNativeTarget "GroceryApp" */;
			buildPhases = (
				1873117E259610FB00CE34D1 /* Sources */,
				1873117F259610FB00CE34D1 /* Frameworks */,
				18731180259610FB00CE34D1 /* Resources */,
			);
			buildRules = (
			);
			dependencies = (
			);
			name = GroceryApp;
			productName = GroceryApp;
			productReference = 18731182259610FC00CE34D1 /* GroceryApp.app */;
			productType = "com.apple.product-type.application";
		};
		1873119A2596112000CE34D1 /* GroceryAppTests */ = {
			isa = PBXNativeTarget;
			buildConfigurationList = 187311B22596112000CE34D1 /* Build configuration list for PBXNativeTarget "GroceryAppTests" */;
			buildPhases = (
				187311972596112000CE34D1 /* Sources */,
				187311982596112000CE34D1 /* Frameworks */,
				187311992596112000CE34D1 /* Resources */,
			);
			buildRules = (
			);
			dependencies = (
				1873119D2596112000CE34D1 /* PBXTargetDependency */,
			);
			name = GroceryAppTests;
			productName = GroceryAppTests;
			productReference = 1873119B2596112000CE34D1 /* GroceryAppTests.xctest */;
			productType = "com.apple.product-type.bundle.unit-test";
		};
		187311A52596112000CE34D1 /* GroceryAppUITests */ = {
			isa = PBXNativeTarget;
			buildConfigurationList = 187311B52596112000CE34D1 /* Build configuration list for PBXNativeTarget "GroceryAppUITests" */;
			buildPhases = (
				187311A22596112000CE34D1 /* Sources */,
				187311A32596112000CE34D1 /* Frameworks */,
				187311A42596112000CE34D1 /* Resources */,
			);
			buildRules = (
			);
			dependencies = (
				187311A82596112000CE34D1 /* PBXTargetDependency */,
			);
			name = GroceryAppUITests;
			productName = GroceryAppUITests;
			productReference = 187311A62596112000CE34D1 /* GroceryAppUITests.xctest */;
			productType = "com.apple.product-type.bundle.ui-testing";
		};
/* End PBXNativeTarget section */

/* Begin PBXProject section */
		1873117A259610FB00CE34D1 /* Project object */ = {
			isa = PBXProject;
			attributes = {
				LastSwiftUpdateCheck = 1230;
				LastUpgradeCheck = 1230;
				TargetAttributes = {
					18731181259610FB00CE34D1 = {
						CreatedOnToolsVersion = 12.3;
					};
					1873119A2596112000CE34D1 = {
						CreatedOnToolsVersion = 12.3;
						TestTargetID = 18731181259610FB00CE34D1;
					};
					187311A52596112000CE34D1 = {
						CreatedOnToolsVersion = 12.3;
						TestTargetID = 18731181259610FB00CE34D1;
					};
				};
			};
			buildConfigurationList = 1873117D259610FB00CE34D1 /* Build configuration list for PBXProject "GroceryApp" */;
			compatibilityVersion = "Xcode 9.3";
			developmentRegion = en;
			hasScannedForEncodings = 0;
			knownRegions = (
				en,
				Base,
			);
			mainGroup = 18731179259610FB00CE34D1;
			productRefGroup = 18731183259610FC00CE34D1 /* Products */;
			projectDirPath = "";
			projectRoot = "";
			targets = (
				18731181259610FB00CE34D1 /* GroceryApp */,
				1873119A2596112000CE34D1 /* GroceryAppTests */,
				187311A52596112000CE34D1 /* GroceryAppUITests */,
			);
		};
/* End PBXProject section */

/* Begin PBXResourcesBuildPhase section */
		18731180259610FB00CE34D1 /* Resources */ = {
			isa = PBXResourcesBuildPhase;
			buildActionMask = 2147483647;
			files = (
				187311952596111F00CE34D1 /* LaunchScreen.storyboard in Resources */,
				187311922596111F00CE34D1 /* Assets.xcassets in Resources */,
				1873118D259610FC00CE34D1 /* Main.storyboard in Resources */,
			);
			runOnlyForDeploymentPostprocessing = 0;
		};
		187311992596112000CE34D1 /* Resources */ = {
			isa = PBXResourcesBuildPhase;
			buildActionMask = 2147483647;
			files = (
			);
			runOnlyForDeploymentPostprocessing = 0;
		};
		187311A42596112000CE34D1 /* Resources */ = {
			isa = PBXResourcesBuildPhase;
			buildActionMask = 2147483647;
			files = (
			);
			runOnlyForDeploymentPostprocessing = 0;
		};
/* End PBXResourcesBuildPhase section */

/* Begin PBXSourcesBuildPhase section */
		1873117E259610FB00CE34D1 /* Sources */ = {
			isa = PBXSourcesBuildPhase;
			buildActionMask = 2147483647;
			files = (
				1873118A259610FC00CE34D1 /* ViewController.swift in Sources */,
				18731186259610FC00CE34D1 /* AppDelegate.swift in Sources */,
				18731188259610FC00CE34D1 /* SceneDelegate.swift in Sources */,
				18731190259610FC00CE34D1 /* GroceryApp.xcdatamodeld in Sources */,
			);
			runOnlyForDeploymentPostprocessing = 0;
		};
		187311972596112000CE34D1 /* Sources */ = {
			isa = PBXSourcesBuildPhase;
			buildActionMask = 2147483647;
			files = (
				187311A02596112000CE34D1 /* GroceryAppTests.swift in Sources */,
			);
			runOnlyForDeploymentPostprocessing = 0;
		};
		187311A22596112000CE34D1 /* Sources */ = {
			isa = PBXSourcesBuildPhase;
			buildActionMask = 2147483647;
			files = (
				187311AB2596112000CE34D1 /* GroceryAppUITests.swift in Sources */,
			);
			runOnlyForDeploymentPostprocessing = 0;
		};
/* End PBXSourcesBuildPhase section */

/* Begin PBXTargetDependency section */
		1873119D2596112000CE34D1 /* PBXTargetDependency */ = {
			isa = PBXTargetDependency;
			target = 18731181259610FB00CE34D1 /* GroceryApp */;
			targetProxy = 1873119C2596112000CE34D1 /* PBXContainerItemProxy */;
		};
		187311A82596112000CE34D1 /* PBXTargetDependency */ = {
			isa = PBXTargetDependency;
			target = 18731181259610FB00CE34D1 /* GroceryApp */;
			targetProxy = 187311A72596112000CE34D1 /* PBXContainerItemProxy */;
		};
/* End PBXTargetDependency section */

/* Begin PBXVariantGroup section */
		1873118B259610FC00CE34D1 /* Main.storyboard */ = {
			isa = PBXVariantGroup;
			children = (
				1873118C259610FC00CE34D1 /* Base */,
			);
			name = Main.storyboard;
			sourceTree = "<group>";
		};
		187311932596111F00CE34D1 /* LaunchScreen.storyboard */ = {
			isa = PBXVariantGroup;
			children = (
				187311942596111F00CE34D1 /* Base */,
			);
			name = LaunchScreen.storyboard;
			sourceTree = "<group>";
		};
/* End PBXVariantGroup section */

/* Begin XCBuildConfiguration section */
		187311AD2596112000CE34D1 /* Debug */ = {
			isa = XCBuildConfiguration;
			buildSettings = {
				ALWAYS_SEARCH_USER_PATHS = NO;
				CLANG_ANALYZER_NONNULL = YES;
				CLANG_ANALYZER_NUMBER_OBJECT_CONVERSION = YES_AGGRESSIVE;
				CLANG_CXX_LANGUAGE_STANDARD = "gnu++14";
				CLANG_CXX_LIBRARY = "libc++";
				CLANG_ENABLE_MODULES = YES;
				CLANG_ENABLE_OBJC_ARC = YES;
				CLANG_ENABLE_OBJC_WEAK = YES;
				CLANG_WARN_BLOCK_CAPTURE_AUTORELEASING = YES;
				CLANG_WARN_BOOL_CONVERSION = YES;
				CLANG_WARN_COMMA = YES;
				CLANG_WARN_CONSTANT_CONVERSION = YES;
				CLANG_WARN_DEPRECATED_OBJC_IMPLEMENTATIONS = YES;
				CLANG_WARN_DIRECT_OBJC_ISA_USAGE = YES_ERROR;
				CLANG_WARN_DOCUMENTATION_COMMENTS = YES;
				CLANG_WARN_EMPTY_BODY = YES;
				CLANG_WARN_ENUM_CONVERSION = YES;
				CLANG_WARN_INFINITE_RECURSION = YES;
				CLANG_WARN_INT_CONVERSION = YES;
				CLANG_WARN_NON_LITERAL_NULL_CONVERSION = YES;
				CLANG_WARN_OBJC_IMPLICIT_RETAIN_SELF = YES;
				CLANG_WARN_OBJC_LITERAL_CONVERSION = YES;
				CLANG_WARN_OBJC_ROOT_CLASS = YES_ERROR;
				CLANG_WARN_QUOTED_INCLUDE_IN_FRAMEWORK_HEADER = YES;
				CLANG_WARN_RANGE_LOOP_ANALYSIS = YES;
				CLANG_WARN_STRICT_PROTOTYPES = YES;
				CLANG_WARN_SUSPICIOUS_MOVE = YES;
				CLANG_WARN_UNGUARDED_AVAILABILITY = YES_AGGRESSIVE;
				CLANG_WARN_UNREACHABLE_CODE = YES;
				CLANG_WARN__DUPLICATE_METHOD_MATCH = YES;
				COPY_PHASE_STRIP = NO;
				DEBUG_INFORMATION_FORMAT = dwarf;
				ENABLE_STRICT_OBJC_MSGSEND = YES;
				ENABLE_TESTABILITY = YES;
				GCC_C_LANGUAGE_STANDARD = gnu11;
				GCC_DYNAMIC_NO_PIC = NO;
				GCC_NO_COMMON_BLOCKS = YES;
				GCC_OPTIMIZATION_LEVEL = 0;
				GCC_PREPROCESSOR_DEFINITIONS = (
					"DEBUG=1",
					"$(inherited)",
				);
				GCC_WARN_64_TO_32_BIT_CONVERSION = YES;
				GCC_WARN_ABOUT_RETURN_TYPE = YES_ERROR;
				GCC_WARN_UNDECLARED_SELECTOR = YES;
				GCC_WARN_UNINITIALIZED_AUTOS = YES_AGGRESSIVE;
				GCC_WARN_UNUSED_FUNCTION = YES;
				GCC_WARN_UNUSED_VARIABLE = YES;
				IPHONEOS_DEPLOYMENT_TARGET = 14.3;
				MTL_ENABLE_DEBUG_INFO = INCLUDE_SOURCE;
				MTL_FAST_MATH = YES;
				ONLY_ACTIVE_ARCH = YES;
				SDKROOT = iphoneos;
				SWIFT_ACTIVE_COMPILATION_CONDITIONS = DEBUG;
				SWIFT_OPTIMIZATION_LEVEL = "-Onone";
			};
			name = Debug;
		};
		187311AE2596112000CE34D1 /* Release */ = {
			isa = XCBuildConfiguration;
			buildSettings = {
				ALWAYS_SEARCH_USER_PATHS = NO;
				CLANG_ANALYZER_NONNULL = YES;
				CLANG_ANALYZER_NUMBER_OBJECT_CONVERSION = YES_AGGRESSIVE;
				CLANG_CXX_LANGUAGE_STANDARD = "gnu++14";
				CLANG_CXX_LIBRARY = "libc++";
				CLANG_ENABLE_MODULES = YES;
				CLANG_ENABLE_OBJC_ARC = YES;
				CLANG_ENABLE_OBJC_WEAK = YES;
				CLANG_WARN_BLOCK_CAPTURE_AUTORELEASING = YES;
				CLANG_WARN_BOOL_CONVERSION = YES;
				CLANG_WARN_COMMA = YES;
				CLANG_WARN_CONSTANT_CONVERSION = YES;
				CLANG_WARN_DEPRECATED_OBJC_IMPLEMENTATIONS = YES;
				CLANG_WARN_DIRECT_OBJC_ISA_USAGE = YES_ERROR;
				CLANG_WARN_DOCUMENTATION_COMMENTS = YES;
				CLANG_WARN_EMPTY_BODY = YES;
				CLANG_WARN_ENUM_CONVERSION = YES;
				CLANG_WARN_INFINITE_RECURSION = YES;
				CLANG_WARN_INT_CONVERSION = YES;
				CLANG_WARN_NON_LITERAL_NULL_CONVERSION = YES;
				CLANG_WARN_OBJC_IMPLICIT_RETAIN_SELF = YES;
				CLANG_WARN_OBJC_LITERAL_CONVERSION = YES;
				CLANG_WARN_OBJC_ROOT_CLASS = YES_ERROR;
				CLANG_WARN_QUOTED_INCLUDE_IN_FRAMEWORK_HEADER = YES;
				CLANG_WARN_RANGE_LOOP_ANALYSIS = YES;
				CLANG_WARN_STRICT_PROTOTYPES = YES;
				CLANG_WARN_SUSPICIOUS_MOVE = YES;
				CLANG_WARN_UNGUARDED_AVAILABILITY = YES_AGGRESSIVE;
				CLANG_WARN_UNREACHABLE_CODE = YES;
				CLANG_WARN__DUPLICATE_METHOD_MATCH = YES;
				COPY_PHASE_STRIP = NO;
				DEBUG_INFORMATION_FORMAT = "dwarf-with-dsym";
				ENABLE_NS_ASSERTIONS = NO;
				ENABLE_STRICT_OBJC_MSGSEND = YES;
				GCC_C_LANGUAGE_STANDARD = gnu11;
				GCC_NO_COMMON_BLOCKS = YES;
				GCC_WARN_64_TO_32_BIT_CONVERSION = YES;
				GCC_WARN_ABOUT_RETURN_TYPE = YES_ERROR;
				GCC_WARN_UNDECLARED_SELECTOR = YES;
				GCC_WARN_UNINITIALIZED_AUTOS = YES_AGGRESSIVE;
				GCC_WARN_UNUSED_FUNCTION = YES;
				GCC_WARN_UNUSED_VARIABLE = YES;
				IPHONEOS_DEPLOYMENT_TARGET = 14.3;
				MTL_ENABLE_DEBUG_INFO = NO;
				MTL_FAST_MATH = YES;
				SDKROOT = iphoneos;
				SWIFT_COMPILATION_MODE = wholemodule;
				SWIFT_OPTIMIZATION_LEVEL = "-O";
				VALIDATE_PRODUCT = YES;
			};
			name = Release;
		};
		187311B02596112000CE34D1 /* Debug */ = {
			isa = XCBuildConfiguration;
			buildSettings = {
				ASSETCATALOG_COMPILER_APPICON_NAME = AppIcon;
				ASSETCATALOG_COMPILER_GLOBAL_ACCENT_COLOR_NAME = AccentColor;
				CODE_SIGN_STYLE = Automatic;
				INFOPLIST_FILE = GroceryApp/Info.plist;
				LD_RUNPATH_SEARCH_PATHS = (
					"$(inherited)",
					"@executable_path/Frameworks",
				);
				PRODUCT_BUNDLE_IDENTIFIER = com.GroceryApp.ios.GroceryApp;
				PRODUCT_NAME = "$(TARGET_NAME)";
				SWIFT_VERSION = 5.0;
				TARGETED_DEVICE_FAMILY = "1,2";
			};
			name = Debug;
		};
		187311B12596112000CE34D1 /* Release */ = {
			isa = XCBuildConfiguration;
			buildSettings = {
				ASSETCATALOG_COMPILER_APPICON_NAME = AppIcon;
				ASSETCATALOG_COMPILER_GLOBAL_ACCENT_COLOR_NAME = AccentColor;
				CODE_SIGN_STYLE = Automatic;
				INFOPLIST_FILE = GroceryApp/Info.plist;
				LD_RUNPATH_SEARCH_PATHS = (
					"$(inherited)",
					"@executable_path/Frameworks",
				);
				PRODUCT_BUNDLE_IDENTIFIER = com.GroceryApp.ios.GroceryApp;
				PRODUCT_NAME = "$(TARGET_NAME)";
				SWIFT_VERSION = 5.0;
				TARGETED_DEVICE_FAMILY = "1,2";
			};
			name = Release;
		};
		187311B32596112000CE34D1 /* Debug */ = {
			isa = XCBuildConfiguration;
			buildSettings = {
				ALWAYS_EMBED_SWIFT_STANDARD_LIBRARIES = YES;
				BUNDLE_LOADER = "$(TEST_HOST)";
				CODE_SIGN_STYLE = Automatic;
				INFOPLIST_FILE = GroceryAppTests/Info.plist;
				IPHONEOS_DEPLOYMENT_TARGET = 14.3;
				LD_RUNPATH_SEARCH_PATHS = (
					"$(inherited)",
					"@executable_path/Frameworks",
					"@loader_path/Frameworks",
				);
				PRODUCT_BUNDLE_IDENTIFIER = com.GroceryApp.ios.GroceryAppTests;
				PRODUCT_NAME = "$(TARGET_NAME)";
				SWIFT_VERSION = 5.0;
				TARGETED_DEVICE_FAMILY = "1,2";
				TEST_HOST = "$(BUILT_PRODUCTS_DIR)/GroceryApp.app/GroceryApp";
			};
			name = Debug;
		};
		187311B42596112000CE34D1 /* Release */ = {
			isa = XCBuildConfiguration;
			buildSettings = {
				ALWAYS_EMBED_SWIFT_STANDARD_LIBRARIES = YES;
				BUNDLE_LOADER = "$(TEST_HOST)";
				CODE_SIGN_STYLE = Automatic;
				INFOPLIST_FILE = GroceryAppTests/Info.plist;
				IPHONEOS_DEPLOYMENT_TARGET = 14.3;
				LD_RUNPATH_SEARCH_PATHS = (
					"$(inherited)",
					"@executable_path/Frameworks",
					"@loader_path/Frameworks",
				);
				PRODUCT_BUNDLE_IDENTIFIER = com.GroceryApp.ios.GroceryAppTests;
				PRODUCT_NAME = "$(TARGET_NAME)";
				SWIFT_VERSION = 5.0;
				TARGETED_DEVICE_FAMILY = "1,2";
				TEST_HOST = "$(BUILT_PRODUCTS_DIR)/GroceryApp.app/GroceryApp";
			};
			name = Release;
		};
		187311B62596112000CE34D1 /* Debug */ = {
			isa = XCBuildConfiguration;
			buildSettings = {
				ALWAYS_EMBED_SWIFT_STANDARD_LIBRARIES = YES;
				CODE_SIGN_STYLE = Automatic;
				INFOPLIST_FILE = GroceryAppUITests/Info.plist;
				LD_RUNPATH_SEARCH_PATHS = (
					"$(inherited)",
					"@executable_path/Frameworks",
					"@loader_path/Frameworks",
				);
				PRODUCT_BUNDLE_IDENTIFIER = com.GroceryApp.ios.GroceryAppUITests;
				PRODUCT_NAME = "$(TARGET_NAME)";
				SWIFT_VERSION = 5.0;
				TARGETED_DEVICE_FAMILY = "1,2";
				TEST_TARGET_NAME = GroceryApp;
			};
			name = Debug;
		};
		187311B72596112000CE34D1 /* Release */ = {
			isa = XCBuildConfiguration;
			buildSettings = {
				ALWAYS_EMBED_SWIFT_STANDARD_LIBRARIES = YES;
				CODE_SIGN_STYLE = Automatic;
				INFOPLIST_FILE = GroceryAppUITests/Info.plist;
				LD_RUNPATH_SEARCH_PATHS = (
					"$(inherited)",
					"@executable_path/Frameworks",
					"@loader_path/Frameworks",
				);
				PRODUCT_BUNDLE_IDENTIFIER = com.GroceryApp.ios.GroceryAppUITests;
				PRODUCT_NAME = "$(TARGET_NAME)";
				SWIFT_VERSION = 5.0;
				TARGETED_DEVICE_FAMILY = "1,2";
				TEST_TARGET_NAME = GroceryApp;
			};
			name = Release;
		};
/* End XCBuildConfiguration section */

/* Begin XCConfigurationList section */
		1873117D259610FB00CE34D1 /* Build configuration list for PBXProject "GroceryApp" */ = {
			isa = XCConfigurationList;
			buildConfigurations = (
				187311AD2596112000CE34D1 /* Debug */,
				187311AE2596112000CE34D1 /* Release */,
			);
			defaultConfigurationIsVisible = 0;
			defaultConfigurationName = Release;
		};
		187311AF2596112000CE34D1 /* Build configuration list for PBXNativeTarget "GroceryApp" */ = {
			isa = XCConfigurationList;
			buildConfigurations = (
				187311B02596112000CE34D1 /* Debug */,
				187311B12596112000CE34D1 /* Release */,
			);
			defaultConfigurationIsVisible = 0;
			defaultConfigurationName = Release;
		};
		187311B22596112000CE34D1 /* Build configuration list for PBXNativeTarget "GroceryAppTests" */ = {
			isa = XCConfigurationList;
			buildConfigurations = (
				187311B32596112000CE34D1 /* Debug */,
				187311B42596112000CE34D1 /* Release */,
			);
			defaultConfigurationIsVisible = 0;
			defaultConfigurationName = Release;
		};
		187311B52596112000CE34D1 /* Build configuration list for PBXNativeTarget "GroceryAppUITests" */ = {
			isa = XCConfigurationList;
			buildConfigurations = (
				187311B62596112000CE34D1 /* Debug */,
				187311B72596112000CE34D1 /* Release */,
			);
			defaultConfigurationIsVisible = 0;
			defaultConfigurationName = Release;
		};
/* End XCConfigurationList section */

/* Begin XCVersionGroup section */
		1873118E259610FC00CE34D1 /* GroceryApp.xcdatamodeld */ = {
			isa = XCVersionGroup;
			children = (
				1873118F259610FC00CE34D1 /* GroceryApp.xcdatamodel */,
			);
			currentVersion = 1873118F259610FC00CE34D1 /* GroceryApp.xcdatamodel */;
			path = GroceryApp.xcdatamodeld;
			sourceTree = "<group>";
			versionGroupType = wrapper.xcdatamodel;
		};
/* End XCVersionGroup section */
	};
	rootObject = 1873117A259610FB00CE34D1 /* Project object */;
}
